
Microsoft Visual Studio Solution File, Format Version 12.00
# Visual Studio Version 16
VisualStudioVersion = 16.0.30114.105
MinimumVisualStudioVersion = 10.0.40219.1
Project("{FAE04EC0-301F-11D3-BF4B-00C04F79EFBC}") = "LogicMonitor.DataSDK", "LogicMonitor.DataSDK\LogicMonitor.DataSDK.csproj", "{3CCE23CB-F36F-4B0B-AAA5-AF04C87CFC4F}"
EndProject
Project("{FAE04EC0-301F-11D3-BF4B-00C04F79EFBC}") = "LogicMonitor.DataSDK.Tests", "LogicMonitor.DataSDK.Tests\LogicMonitor.DataSDK.Tests.csproj", "{D999B3C1-2AB8-4DB2-B529-4F52E67FF857}"
EndProject
Global
	GlobalSection(SolutionConfigurationPlatforms) = preSolution
		Debug|Any CPU = Debug|Any CPU
		Debug|x64 = Debug|x64
		Debug|x86 = Debug|x86
		Release|Any CPU = Release|Any CPU
		Release|x64 = Release|x64
		Release|x86 = Release|x86
	EndGlobalSection
	GlobalSection(SolutionProperties) = preSolution
		HideSolutionNode = FALSE
	EndGlobalSection
	GlobalSection(ProjectConfigurationPlatforms) = postSolution
		{3CCE23CB-F36F-4B0B-AAA5-AF04C87CFC4F}.Debug|Any CPU.ActiveCfg = Debug|Any CPU
		{3CCE23CB-F36F-4B0B-AAA5-AF04C87CFC4F}.Debug|Any CPU.Build.0 = Debug|Any CPU
		{3CCE23CB-F36F-4B0B-AAA5-AF04C87CFC4F}.Debug|x64.ActiveCfg = Debug|Any CPU
		{3CCE23CB-F36F-4B0B-AAA5-AF04C87CFC4F}.Debug|x64.Build.0 = Debug|Any CPU
		{3CCE23CB-F36F-4B0B-AAA5-AF04C87CFC4F}.Debug|x86.ActiveCfg = Debug|Any CPU
		{3CCE23CB-F36F-4B0B-AAA5-AF04C87CFC4F}.Debug|x86.Build.0 = Debug|Any CPU
		{3CCE23CB-F36F-4B0B-AAA5-AF04C87CFC4F}.Release|Any CPU.ActiveCfg = Release|Any CPU
		{3CCE23CB-F36F-4B0B-AAA5-AF04C87CFC4F}.Release|Any CPU.Build.0 = Release|Any CPU
		{3CCE23CB-F36F-4B0B-AAA5-AF04C87CFC4F}.Release|x64.ActiveCfg = Release|Any CPU
		{3CCE23CB-F36F-4B0B-AAA5-AF04C87CFC4F}.Release|x64.Build.0 = Release|Any CPU
		{3CCE23CB-F36F-4B0B-AAA5-AF04C87CFC4F}.Release|x86.ActiveCfg = Release|Any CPU
		{3CCE23CB-F36F-4B0B-AAA5-AF04C87CFC4F}.Release|x86.Build.0 = Release|Any CPU
		{D999B3C1-2AB8-4DB2-B529-4F52E67FF857}.Debug|Any CPU.ActiveCfg = Debug|Any CPU
		{D999B3C1-2AB8-4DB2-B529-4F52E67FF857}.Debug|Any CPU.Build.0 = Debug|Any CPU
		{D999B3C1-2AB8-4DB2-B529-4F52E67FF857}.Debug|x64.ActiveCfg = Debug|Any CPU
		{D999B3C1-2AB8-4DB2-B529-4F52E67FF857}.Debug|x64.Build.0 = Debug|Any CPU
		{D999B3C1-2AB8-4DB2-B529-4F52E67FF857}.Debug|x86.ActiveCfg = Debug|Any CPU
		{D999B3C1-2AB8-4DB2-B529-4F52E67FF857}.Debug|x86.Build.0 = Debug|Any CPU
		{D999B3C1-2AB8-4DB2-B529-4F52E67FF857}.Release|Any CPU.ActiveCfg = Release|Any CPU
		{D999B3C1-2AB8-4DB2-B529-4F52E67FF857}.Release|Any CPU.Build.0 = Release|Any CPU
		{D999B3C1-2AB8-4DB2-B529-4F52E67FF857}.Release|x64.ActiveCfg = Release|Any CPU
		{D999B3C1-2AB8-4DB2-B529-4F52E67FF857}.Release|x64.Build.0 = Release|Any CPU
		{D999B3C1-2AB8-4DB2-B529-4F52E67FF857}.Release|x86.ActiveCfg = Release|Any CPU
		{D999B3C1-2AB8-4DB2-B529-4F52E67FF857}.Release|x86.Build.0 = Release|Any CPU
	EndGlobalSection
EndGlobal
